
Microsoft Visual Studio Solution File, Format Version 12.00
# Visual Studio 14
VisualStudioVersion = 14.0.23107.0
MinimumVisualStudioVersion = 10.0.40219.1
Project("{FAE04EC0-301F-11D3-BF4B-00C04F79EFBC}") = "ShoppingPad.Windows10", "ShoppingPad.Windows10\ShoppingPad.Windows10.csproj", "{A3EE41F7-943F-4570-83D8-E4B9E58CC567}"
EndProject
Project("{FAE04EC0-301F-11D3-BF4B-00C04F79EFBC}") = "ShoppingPad.Common", "ShoppingPad.Common\ShoppingPad.Common.csproj", "{B2C1B6BB-063C-4BAA-B9FA-16617CACC4AE}"
EndProject
Project("{FAE04EC0-301F-11D3-BF4B-00C04F79EFBC}") = "ShoppingPad.Tests", "ShoppingPad.Tests\ShoppingPad.Tests.csproj", "{8A6C72A3-4A85-4033-B3E7-CB7B191E9330}"
EndProject
Project("{FAE04EC0-301F-11D3-BF4B-00C04F79EFBC}") = "ShoppingPad.Droid", "ShoppingPad.Droid\ShoppingPad.Droid.csproj", "{027615C5-EFF6-43F5-9A33-A7BFAC42B276}"
EndProject
Project("{FAE04EC0-301F-11D3-BF4B-00C04F79EFBC}") = "ShoppingPad.iOS", "ShoppingPad.iOS\ShoppingPad.iOS.csproj", "{82E13DD8-9496-4C79-9D8E-2E73363BE36D}"
EndProject
Global
	GlobalSection(SolutionConfigurationPlatforms) = preSolution
		Ad-Hoc|Any CPU = Ad-Hoc|Any CPU
		Ad-Hoc|ARM = Ad-Hoc|ARM
		Ad-Hoc|iPhone = Ad-Hoc|iPhone
		Ad-Hoc|iPhoneSimulator = Ad-Hoc|iPhoneSimulator
		Ad-Hoc|x64 = Ad-Hoc|x64
		Ad-Hoc|x86 = Ad-Hoc|x86
		AppStore|Any CPU = AppStore|Any CPU
		AppStore|ARM = AppStore|ARM
		AppStore|iPhone = AppStore|iPhone
		AppStore|iPhoneSimulator = AppStore|iPhoneSimulator
		AppStore|x64 = AppStore|x64
		AppStore|x86 = AppStore|x86
		Debug|Any CPU = Debug|Any CPU
		Debug|ARM = Debug|ARM
		Debug|iPhone = Debug|iPhone
		Debug|iPhoneSimulator = Debug|iPhoneSimulator
		Debug|x64 = Debug|x64
		Debug|x86 = Debug|x86
		Release|Any CPU = Release|Any CPU
		Release|ARM = Release|ARM
		Release|iPhone = Release|iPhone
		Release|iPhoneSimulator = Release|iPhoneSimulator
		Release|x64 = Release|x64
		Release|x86 = Release|x86
	EndGlobalSection
	GlobalSection(ProjectConfigurationPlatforms) = postSolution
		{A3EE41F7-943F-4570-83D8-E4B9E58CC567}.Ad-Hoc|Any CPU.ActiveCfg = Release|x64
		{A3EE41F7-943F-4570-83D8-E4B9E58CC567}.Ad-Hoc|Any CPU.Build.0 = Release|x64
		{A3EE41F7-943F-4570-83D8-E4B9E58CC567}.Ad-Hoc|Any CPU.Deploy.0 = Release|x64
		{A3EE41F7-943F-4570-83D8-E4B9E58CC567}.Ad-Hoc|ARM.ActiveCfg = Release|ARM
		{A3EE41F7-943F-4570-83D8-E4B9E58CC567}.Ad-Hoc|ARM.Build.0 = Release|ARM
		{A3EE41F7-943F-4570-83D8-E4B9E58CC567}.Ad-Hoc|ARM.Deploy.0 = Release|ARM
		{A3EE41F7-943F-4570-83D8-E4B9E58CC567}.Ad-Hoc|iPhone.ActiveCfg = Release|x64
		{A3EE41F7-943F-4570-83D8-E4B9E58CC567}.Ad-Hoc|iPhone.Build.0 = Release|x64
		{A3EE41F7-943F-4570-83D8-E4B9E58CC567}.Ad-Hoc|iPhone.Deploy.0 = Release|x64
		{A3EE41F7-943F-4570-83D8-E4B9E58CC567}.Ad-Hoc|iPhoneSimulator.ActiveCfg = Release|x64
		{A3EE41F7-943F-4570-83D8-E4B9E58CC567}.Ad-Hoc|iPhoneSimulator.Build.0 = Release|x64
		{A3EE41F7-943F-4570-83D8-E4B9E58CC567}.Ad-Hoc|iPhoneSimulator.Deploy.0 = Release|x64
		{A3EE41F7-943F-4570-83D8-E4B9E58CC567}.Ad-Hoc|x64.ActiveCfg = Release|x64
		{A3EE41F7-943F-4570-83D8-E4B9E58CC567}.Ad-Hoc|x64.Build.0 = Release|x64
		{A3EE41F7-943F-4570-83D8-E4B9E58CC567}.Ad-Hoc|x64.Deploy.0 = Release|x64
		{A3EE41F7-943F-4570-83D8-E4B9E58CC567}.Ad-Hoc|x86.ActiveCfg = Release|x86
		{A3EE41F7-943F-4570-83D8-E4B9E58CC567}.Ad-Hoc|x86.Build.0 = Release|x86
		{A3EE41F7-943F-4570-83D8-E4B9E58CC567}.Ad-Hoc|x86.Deploy.0 = Release|x86
		{A3EE41F7-943F-4570-83D8-E4B9E58CC567}.AppStore|Any CPU.ActiveCfg = Release|x64
		{A3EE41F7-943F-4570-83D8-E4B9E58CC567}.AppStore|Any CPU.Build.0 = Release|x64
		{A3EE41F7-943F-4570-83D8-E4B9E58CC567}.AppStore|Any CPU.Deploy.0 = Release|x64
		{A3EE41F7-943F-4570-83D8-E4B9E58CC567}.AppStore|ARM.ActiveCfg = Release|ARM
		{A3EE41F7-943F-4570-83D8-E4B9E58CC567}.AppStore|ARM.Build.0 = Release|ARM
		{A3EE41F7-943F-4570-83D8-E4B9E58CC567}.AppStore|ARM.Deploy.0 = Release|ARM
		{A3EE41F7-943F-4570-83D8-E4B9E58CC567}.AppStore|iPhone.ActiveCfg = Release|x64
		{A3EE41F7-943F-4570-83D8-E4B9E58CC567}.AppStore|iPhone.Build.0 = Release|x64
		{A3EE41F7-943F-4570-83D8-E4B9E58CC567}.AppStore|iPhone.Deploy.0 = Release|x64
		{A3EE41F7-943F-4570-83D8-E4B9E58CC567}.AppStore|iPhoneSimulator.ActiveCfg = Release|x64
		{A3EE41F7-943F-4570-83D8-E4B9E58CC567}.AppStore|iPhoneSimulator.Build.0 = Release|x64
		{A3EE41F7-943F-4570-83D8-E4B9E58CC567}.AppStore|iPhoneSimulator.Deploy.0 = Release|x64
		{A3EE41F7-943F-4570-83D8-E4B9E58CC567}.AppStore|x64.ActiveCfg = Release|x64
		{A3EE41F7-943F-4570-83D8-E4B9E58CC567}.AppStore|x64.Build.0 = Release|x64
		{A3EE41F7-943F-4570-83D8-E4B9E58CC567}.AppStore|x64.Deploy.0 = Release|x64
		{A3EE41F7-943F-4570-83D8-E4B9E58CC567}.AppStore|x86.ActiveCfg = Release|x86
		{A3EE41F7-943F-4570-83D8-E4B9E58CC567}.AppStore|x86.Build.0 = Release|x86
		{A3EE41F7-943F-4570-83D8-E4B9E58CC567}.AppStore|x86.Deploy.0 = Release|x86
		{A3EE41F7-943F-4570-83D8-E4B9E58CC567}.Debug|Any CPU.ActiveCfg = Debug|x86
		{A3EE41F7-943F-4570-83D8-E4B9E58CC567}.Debug|ARM.ActiveCfg = Debug|ARM
		{A3EE41F7-943F-4570-83D8-E4B9E58CC567}.Debug|ARM.Build.0 = Debug|ARM
		{A3EE41F7-943F-4570-83D8-E4B9E58CC567}.Debug|ARM.Deploy.0 = Debug|ARM
		{A3EE41F7-943F-4570-83D8-E4B9E58CC567}.Debug|iPhone.ActiveCfg = Debug|x86
		{A3EE41F7-943F-4570-83D8-E4B9E58CC567}.Debug|iPhoneSimulator.ActiveCfg = Debug|x86
		{A3EE41F7-943F-4570-83D8-E4B9E58CC567}.Debug|x64.ActiveCfg = Debug|x64
		{A3EE41F7-943F-4570-83D8-E4B9E58CC567}.Debug|x64.Build.0 = Debug|x64
		{A3EE41F7-943F-4570-83D8-E4B9E58CC567}.Debug|x64.Deploy.0 = Debug|x64
		{A3EE41F7-943F-4570-83D8-E4B9E58CC567}.Debug|x86.ActiveCfg = Debug|x86
		{A3EE41F7-943F-4570-83D8-E4B9E58CC567}.Debug|x86.Build.0 = Debug|x86
		{A3EE41F7-943F-4570-83D8-E4B9E58CC567}.Debug|x86.Deploy.0 = Debug|x86
		{A3EE41F7-943F-4570-83D8-E4B9E58CC567}.Release|Any CPU.ActiveCfg = Release|x86
		{A3EE41F7-943F-4570-83D8-E4B9E58CC567}.Release|ARM.ActiveCfg = Release|ARM
		{A3EE41F7-943F-4570-83D8-E4B9E58CC567}.Release|ARM.Build.0 = Release|ARM
		{A3EE41F7-943F-4570-83D8-E4B9E58CC567}.Release|ARM.Deploy.0 = Release|ARM
		{A3EE41F7-943F-4570-83D8-E4B9E58CC567}.Release|iPhone.ActiveCfg = Release|x86
		{A3EE41F7-943F-4570-83D8-E4B9E58CC567}.Release|iPhoneSimulator.ActiveCfg = Release|x86
		{A3EE41F7-943F-4570-83D8-E4B9E58CC567}.Release|x64.ActiveCfg = Release|x64
		{A3EE41F7-943F-4570-83D8-E4B9E58CC567}.Release|x64.Build.0 = Release|x64
		{A3EE41F7-943F-4570-83D8-E4B9E58CC567}.Release|x64.Deploy.0 = Release|x64
		{A3EE41F7-943F-4570-83D8-E4B9E58CC567}.Release|x86.ActiveCfg = Release|x86
		{A3EE41F7-943F-4570-83D8-E4B9E58CC567}.Release|x86.Build.0 = Release|x86
		{A3EE41F7-943F-4570-83D8-E4B9E58CC567}.Release|x86.Deploy.0 = Release|x86
		{B2C1B6BB-063C-4BAA-B9FA-16617CACC4AE}.Ad-Hoc|Any CPU.ActiveCfg = Release|Any CPU
		{B2C1B6BB-063C-4BAA-B9FA-16617CACC4AE}.Ad-Hoc|Any CPU.Build.0 = Release|Any CPU
		{B2C1B6BB-063C-4BAA-B9FA-16617CACC4AE}.Ad-Hoc|ARM.ActiveCfg = Release|Any CPU
		{B2C1B6BB-063C-4BAA-B9FA-16617CACC4AE}.Ad-Hoc|ARM.Build.0 = Release|Any CPU
		{B2C1B6BB-063C-4BAA-B9FA-16617CACC4AE}.Ad-Hoc|iPhone.ActiveCfg = Release|Any CPU
		{B2C1B6BB-063C-4BAA-B9FA-16617CACC4AE}.Ad-Hoc|iPhone.Build.0 = Release|Any CPU
		{B2C1B6BB-063C-4BAA-B9FA-16617CACC4AE}.Ad-Hoc|iPhoneSimulator.ActiveCfg = Release|Any CPU
		{B2C1B6BB-063C-4BAA-B9FA-16617CACC4AE}.Ad-Hoc|iPhoneSimulator.Build.0 = Release|Any CPU
		{B2C1B6BB-063C-4BAA-B9FA-16617CACC4AE}.Ad-Hoc|x64.ActiveCfg = Release|Any CPU
		{B2C1B6BB-063C-4BAA-B9FA-16617CACC4AE}.Ad-Hoc|x64.Build.0 = Release|Any CPU
		{B2C1B6BB-063C-4BAA-B9FA-16617CACC4AE}.Ad-Hoc|x86.ActiveCfg = Release|Any CPU
		{B2C1B6BB-063C-4BAA-B9FA-16617CACC4AE}.Ad-Hoc|x86.Build.0 = Release|Any CPU
		{B2C1B6BB-063C-4BAA-B9FA-16617CACC4AE}.AppStore|Any CPU.ActiveCfg = Release|Any CPU
		{B2C1B6BB-063C-4BAA-B9FA-16617CACC4AE}.AppStore|Any CPU.Build.0 = Release|Any CPU
		{B2C1B6BB-063C-4BAA-B9FA-16617CACC4AE}.AppStore|ARM.ActiveCfg = Release|Any CPU
		{B2C1B6BB-063C-4BAA-B9FA-16617CACC4AE}.AppStore|ARM.Build.0 = Release|Any CPU
		{B2C1B6BB-063C-4BAA-B9FA-16617CACC4AE}.AppStore|iPhone.ActiveCfg = Release|Any CPU
		{B2C1B6BB-063C-4BAA-B9FA-16617CACC4AE}.AppStore|iPhone.Build.0 = Release|Any CPU
		{B2C1B6BB-063C-4BAA-B9FA-16617CACC4AE}.AppStore|iPhoneSimulator.ActiveCfg = Release|Any CPU
		{B2C1B6BB-063C-4BAA-B9FA-16617CACC4AE}.AppStore|iPhoneSimulator.Build.0 = Release|Any CPU
		{B2C1B6BB-063C-4BAA-B9FA-16617CACC4AE}.AppStore|x64.ActiveCfg = Release|Any CPU
		{B2C1B6BB-063C-4BAA-B9FA-16617CACC4AE}.AppStore|x64.Build.0 = Release|Any CPU
		{B2C1B6BB-063C-4BAA-B9FA-16617CACC4AE}.AppStore|x86.ActiveCfg = Release|Any CPU
		{B2C1B6BB-063C-4BAA-B9FA-16617CACC4AE}.AppStore|x86.Build.0 = Release|Any CPU
		{B2C1B6BB-063C-4BAA-B9FA-16617CACC4AE}.Debug|Any CPU.ActiveCfg = Debug|Any CPU
		{B2C1B6BB-063C-4BAA-B9FA-16617CACC4AE}.Debug|Any CPU.Build.0 = Debug|Any CPU
		{B2C1B6BB-063C-4BAA-B9FA-16617CACC4AE}.Debug|ARM.ActiveCfg = Debug|Any CPU
		{B2C1B6BB-063C-4BAA-B9FA-16617CACC4AE}.Debug|ARM.Build.0 = Debug|Any CPU
		{B2C1B6BB-063C-4BAA-B9FA-16617CACC4AE}.Debug|iPhone.ActiveCfg = Debug|Any CPU
		{B2C1B6BB-063C-4BAA-B9FA-16617CACC4AE}.Debug|iPhone.Build.0 = Debug|Any CPU
		{B2C1B6BB-063C-4BAA-B9FA-16617CACC4AE}.Debug|iPhoneSimulator.ActiveCfg = Debug|Any CPU
		{B2C1B6BB-063C-4BAA-B9FA-16617CACC4AE}.Debug|iPhoneSimulator.Build.0 = Debug|Any CPU
		{B2C1B6BB-063C-4BAA-B9FA-16617CACC4AE}.Debug|x64.ActiveCfg = Debug|Any CPU
		{B2C1B6BB-063C-4BAA-B9FA-16617CACC4AE}.Debug|x64.Build.0 = Debug|Any CPU
		{B2C1B6BB-063C-4BAA-B9FA-16617CACC4AE}.Debug|x86.ActiveCfg = Debug|Any CPU
		{B2C1B6BB-063C-4BAA-B9FA-16617CACC4AE}.Debug|x86.Build.0 = Debug|Any CPU
		{B2C1B6BB-063C-4BAA-B9FA-16617CACC4AE}.Release|Any CPU.ActiveCfg = Release|Any CPU
		{B2C1B6BB-063C-4BAA-B9FA-16617CACC4AE}.Release|Any CPU.Build.0 = Release|Any CPU
		{B2C1B6BB-063C-4BAA-B9FA-16617CACC4AE}.Release|ARM.ActiveCfg = Release|Any CPU
		{B2C1B6BB-063C-4BAA-B9FA-16617CACC4AE}.Release|ARM.Build.0 = Release|Any CPU
		{B2C1B6BB-063C-4BAA-B9FA-16617CACC4AE}.Release|iPhone.ActiveCfg = Release|Any CPU
		{B2C1B6BB-063C-4BAA-B9FA-16617CACC4AE}.Release|iPhone.Build.0 = Release|Any CPU
		{B2C1B6BB-063C-4BAA-B9FA-16617CACC4AE}.Release|iPhoneSimulator.ActiveCfg = Release|Any CPU
		{B2C1B6BB-063C-4BAA-B9FA-16617CACC4AE}.Release|iPhoneSimulator.Build.0 = Release|Any CPU
		{B2C1B6BB-063C-4BAA-B9FA-16617CACC4AE}.Release|x64.ActiveCfg = Release|Any CPU
		{B2C1B6BB-063C-4BAA-B9FA-16617CACC4AE}.Release|x64.Build.0 = Release|Any CPU
		{B2C1B6BB-063C-4BAA-B9FA-16617CACC4AE}.Release|x86.ActiveCfg = Release|Any CPU
		{B2C1B6BB-063C-4BAA-B9FA-16617CACC4AE}.Release|x86.Build.0 = Release|Any CPU
		{8A6C72A3-4A85-4033-B3E7-CB7B191E9330}.Ad-Hoc|Any CPU.ActiveCfg = Release|Any CPU
		{8A6C72A3-4A85-4033-B3E7-CB7B191E9330}.Ad-Hoc|Any CPU.Build.0 = Release|Any CPU
		{8A6C72A3-4A85-4033-B3E7-CB7B191E9330}.Ad-Hoc|ARM.ActiveCfg = Release|Any CPU
		{8A6C72A3-4A85-4033-B3E7-CB7B191E9330}.Ad-Hoc|ARM.Build.0 = Release|Any CPU
		{8A6C72A3-4A85-4033-B3E7-CB7B191E9330}.Ad-Hoc|iPhone.ActiveCfg = Release|Any CPU
		{8A6C72A3-4A85-4033-B3E7-CB7B191E9330}.Ad-Hoc|iPhone.Build.0 = Release|Any CPU
		{8A6C72A3-4A85-4033-B3E7-CB7B191E9330}.Ad-Hoc|iPhoneSimulator.ActiveCfg = Release|Any CPU
		{8A6C72A3-4A85-4033-B3E7-CB7B191E9330}.Ad-Hoc|iPhoneSimulator.Build.0 = Release|Any CPU
		{8A6C72A3-4A85-4033-B3E7-CB7B191E9330}.Ad-Hoc|x64.ActiveCfg = Release|Any CPU
		{8A6C72A3-4A85-4033-B3E7-CB7B191E9330}.Ad-Hoc|x64.Build.0 = Release|Any CPU
		{8A6C72A3-4A85-4033-B3E7-CB7B191E9330}.Ad-Hoc|x86.ActiveCfg = Release|Any CPU
		{8A6C72A3-4A85-4033-B3E7-CB7B191E9330}.Ad-Hoc|x86.Build.0 = Release|Any CPU
		{8A6C72A3-4A85-4033-B3E7-CB7B191E9330}.AppStore|Any CPU.ActiveCfg = Release|Any CPU
		{8A6C72A3-4A85-4033-B3E7-CB7B191E9330}.AppStore|Any CPU.Build.0 = Release|Any CPU
		{8A6C72A3-4A85-4033-B3E7-CB7B191E9330}.AppStore|ARM.ActiveCfg = Release|Any CPU
		{8A6C72A3-4A85-4033-B3E7-CB7B191E9330}.AppStore|ARM.Build.0 = Release|Any CPU
		{8A6C72A3-4A85-4033-B3E7-CB7B191E9330}.AppStore|iPhone.ActiveCfg = Release|Any CPU
		{8A6C72A3-4A85-4033-B3E7-CB7B191E9330}.AppStore|iPhone.Build.0 = Release|Any CPU
		{8A6C72A3-4A85-4033-B3E7-CB7B191E9330}.AppStore|iPhoneSimulator.ActiveCfg = Release|Any CPU
		{8A6C72A3-4A85-4033-B3E7-CB7B191E9330}.AppStore|iPhoneSimulator.Build.0 = Release|Any CPU
		{8A6C72A3-4A85-4033-B3E7-CB7B191E9330}.AppStore|x64.ActiveCfg = Release|Any CPU
		{8A6C72A3-4A85-4033-B3E7-CB7B191E9330}.AppStore|x64.Build.0 = Release|Any CPU
		{8A6C72A3-4A85-4033-B3E7-CB7B191E9330}.AppStore|x86.ActiveCfg = Release|Any CPU
		{8A6C72A3-4A85-4033-B3E7-CB7B191E9330}.AppStore|x86.Build.0 = Release|Any CPU
		{8A6C72A3-4A85-4033-B3E7-CB7B191E9330}.Debug|Any CPU.ActiveCfg = Debug|Any CPU
		{8A6C72A3-4A85-4033-B3E7-CB7B191E9330}.Debug|Any CPU.Build.0 = Debug|Any CPU
		{8A6C72A3-4A85-4033-B3E7-CB7B191E9330}.Debug|ARM.ActiveCfg = Debug|Any CPU
		{8A6C72A3-4A85-4033-B3E7-CB7B191E9330}.Debug|ARM.Build.0 = Debug|Any CPU
		{8A6C72A3-4A85-4033-B3E7-CB7B191E9330}.Debug|iPhone.ActiveCfg = Debug|Any CPU
		{8A6C72A3-4A85-4033-B3E7-CB7B191E9330}.Debug|iPhone.Build.0 = Debug|Any CPU
		{8A6C72A3-4A85-4033-B3E7-CB7B191E9330}.Debug|iPhoneSimulator.ActiveCfg = Debug|Any CPU
		{8A6C72A3-4A85-4033-B3E7-CB7B191E9330}.Debug|iPhoneSimulator.Build.0 = Debug|Any CPU
		{8A6C72A3-4A85-4033-B3E7-CB7B191E9330}.Debug|x64.ActiveCfg = Debug|Any CPU
		{8A6C72A3-4A85-4033-B3E7-CB7B191E9330}.Debug|x64.Build.0 = Debug|Any CPU
		{8A6C72A3-4A85-4033-B3E7-CB7B191E9330}.Debug|x86.ActiveCfg = Debug|Any CPU
		{8A6C72A3-4A85-4033-B3E7-CB7B191E9330}.Debug|x86.Build.0 = Debug|Any CPU
		{8A6C72A3-4A85-4033-B3E7-CB7B191E9330}.Release|Any CPU.ActiveCfg = Release|Any CPU
		{8A6C72A3-4A85-4033-B3E7-CB7B191E9330}.Release|Any CPU.Build.0 = Release|Any CPU
		{8A6C72A3-4A85-4033-B3E7-CB7B191E9330}.Release|ARM.ActiveCfg = Release|Any CPU
		{8A6C72A3-4A85-4033-B3E7-CB7B191E9330}.Release|ARM.Build.0 = Release|Any CPU
		{8A6C72A3-4A85-4033-B3E7-CB7B191E9330}.Release|iPhone.ActiveCfg = Release|Any CPU
		{8A6C72A3-4A85-4033-B3E7-CB7B191E9330}.Release|iPhone.Build.0 = Release|Any CPU
		{8A6C72A3-4A85-4033-B3E7-CB7B191E9330}.Release|iPhoneSimulator.ActiveCfg = Release|Any CPU
		{8A6C72A3-4A85-4033-B3E7-CB7B191E9330}.Release|iPhoneSimulator.Build.0 = Release|Any CPU
		{8A6C72A3-4A85-4033-B3E7-CB7B191E9330}.Release|x64.ActiveCfg = Release|Any CPU
		{8A6C72A3-4A85-4033-B3E7-CB7B191E9330}.Release|x64.Build.0 = Release|Any CPU
		{8A6C72A3-4A85-4033-B3E7-CB7B191E9330}.Release|x86.ActiveCfg = Release|Any CPU
		{8A6C72A3-4A85-4033-B3E7-CB7B191E9330}.Release|x86.Build.0 = Release|Any CPU
		{027615C5-EFF6-43F5-9A33-A7BFAC42B276}.Ad-Hoc|Any CPU.ActiveCfg = Release|Any CPU
		{027615C5-EFF6-43F5-9A33-A7BFAC42B276}.Ad-Hoc|Any CPU.Build.0 = Release|Any CPU
		{027615C5-EFF6-43F5-9A33-A7BFAC42B276}.Ad-Hoc|Any CPU.Deploy.0 = Release|Any CPU
		{027615C5-EFF6-43F5-9A33-A7BFAC42B276}.Ad-Hoc|ARM.ActiveCfg = Release|Any CPU
		{027615C5-EFF6-43F5-9A33-A7BFAC42B276}.Ad-Hoc|ARM.Build.0 = Release|Any CPU
		{027615C5-EFF6-43F5-9A33-A7BFAC42B276}.Ad-Hoc|ARM.Deploy.0 = Release|Any CPU
		{027615C5-EFF6-43F5-9A33-A7BFAC42B276}.Ad-Hoc|iPhone.ActiveCfg = Release|Any CPU
		{027615C5-EFF6-43F5-9A33-A7BFAC42B276}.Ad-Hoc|iPhone.Build.0 = Release|Any CPU
		{027615C5-EFF6-43F5-9A33-A7BFAC42B276}.Ad-Hoc|iPhone.Deploy.0 = Release|Any CPU
		{027615C5-EFF6-43F5-9A33-A7BFAC42B276}.Ad-Hoc|iPhoneSimulator.ActiveCfg = Release|Any CPU
		{027615C5-EFF6-43F5-9A33-A7BFAC42B276}.Ad-Hoc|iPhoneSimulator.Build.0 = Release|Any CPU
		{027615C5-EFF6-43F5-9A33-A7BFAC42B276}.Ad-Hoc|iPhoneSimulator.Deploy.0 = Release|Any CPU
		{027615C5-EFF6-43F5-9A33-A7BFAC42B276}.Ad-Hoc|x64.ActiveCfg = Release|Any CPU
		{027615C5-EFF6-43F5-9A33-A7BFAC42B276}.Ad-Hoc|x64.Build.0 = Release|Any CPU
		{027615C5-EFF6-43F5-9A33-A7BFAC42B276}.Ad-Hoc|x64.Deploy.0 = Release|Any CPU
		{027615C5-EFF6-43F5-9A33-A7BFAC42B276}.Ad-Hoc|x86.ActiveCfg = Release|Any CPU
		{027615C5-EFF6-43F5-9A33-A7BFAC42B276}.Ad-Hoc|x86.Build.0 = Release|Any CPU
		{027615C5-EFF6-43F5-9A33-A7BFAC42B276}.Ad-Hoc|x86.Deploy.0 = Release|Any CPU
		{027615C5-EFF6-43F5-9A33-A7BFAC42B276}.AppStore|Any CPU.ActiveCfg = Release|Any CPU
		{027615C5-EFF6-43F5-9A33-A7BFAC42B276}.AppStore|Any CPU.Build.0 = Release|Any CPU
		{027615C5-EFF6-43F5-9A33-A7BFAC42B276}.AppStore|Any CPU.Deploy.0 = Release|Any CPU
		{027615C5-EFF6-43F5-9A33-A7BFAC42B276}.AppStore|ARM.ActiveCfg = Release|Any CPU
		{027615C5-EFF6-43F5-9A33-A7BFAC42B276}.AppStore|ARM.Build.0 = Release|Any CPU
		{027615C5-EFF6-43F5-9A33-A7BFAC42B276}.AppStore|ARM.Deploy.0 = Release|Any CPU
		{027615C5-EFF6-43F5-9A33-A7BFAC42B276}.AppStore|iPhone.ActiveCfg = Release|Any CPU
		{027615C5-EFF6-43F5-9A33-A7BFAC42B276}.AppStore|iPhone.Build.0 = Release|Any CPU
		{027615C5-EFF6-43F5-9A33-A7BFAC42B276}.AppStore|iPhone.Deploy.0 = Release|Any CPU
		{027615C5-EFF6-43F5-9A33-A7BFAC42B276}.AppStore|iPhoneSimulator.ActiveCfg = Release|Any CPU
		{027615C5-EFF6-43F5-9A33-A7BFAC42B276}.AppStore|iPhoneSimulator.Build.0 = Release|Any CPU
		{027615C5-EFF6-43F5-9A33-A7BFAC42B276}.AppStore|iPhoneSimulator.Deploy.0 = Release|Any CPU
		{027615C5-EFF6-43F5-9A33-A7BFAC42B276}.AppStore|x64.ActiveCfg = Release|Any CPU
		{027615C5-EFF6-43F5-9A33-A7BFAC42B276}.AppStore|x64.Build.0 = Release|Any CPU
		{027615C5-EFF6-43F5-9A33-A7BFAC42B276}.AppStore|x64.Deploy.0 = Release|Any CPU
		{027615C5-EFF6-43F5-9A33-A7BFAC42B276}.AppStore|x86.ActiveCfg = Release|Any CPU
		{027615C5-EFF6-43F5-9A33-A7BFAC42B276}.AppStore|x86.Build.0 = Release|Any CPU
		{027615C5-EFF6-43F5-9A33-A7BFAC42B276}.AppStore|x86.Deploy.0 = Release|Any CPU
		{027615C5-EFF6-43F5-9A33-A7BFAC42B276}.Debug|Any CPU.ActiveCfg = Debug|Any CPU
		{027615C5-EFF6-43F5-9A33-A7BFAC42B276}.Debug|Any CPU.Build.0 = Debug|Any CPU
		{027615C5-EFF6-43F5-9A33-A7BFAC42B276}.Debug|Any CPU.Deploy.0 = Debug|Any CPU
		{027615C5-EFF6-43F5-9A33-A7BFAC42B276}.Debug|ARM.ActiveCfg = Debug|Any CPU
		{027615C5-EFF6-43F5-9A33-A7BFAC42B276}.Debug|ARM.Build.0 = Debug|Any CPU
		{027615C5-EFF6-43F5-9A33-A7BFAC42B276}.Debug|ARM.Deploy.0 = Debug|Any CPU
		{027615C5-EFF6-43F5-9A33-A7BFAC42B276}.Debug|iPhone.ActiveCfg = Debug|Any CPU
		{027615C5-EFF6-43F5-9A33-A7BFAC42B276}.Debug|iPhone.Build.0 = Debug|Any CPU
		{027615C5-EFF6-43F5-9A33-A7BFAC42B276}.Debug|iPhone.Deploy.0 = Debug|Any CPU
		{027615C5-EFF6-43F5-9A33-A7BFAC42B276}.Debug|iPhoneSimulator.ActiveCfg = Debug|Any CPU
		{027615C5-EFF6-43F5-9A33-A7BFAC42B276}.Debug|iPhoneSimulator.Build.0 = Debug|Any CPU
		{027615C5-EFF6-43F5-9A33-A7BFAC42B276}.Debug|iPhoneSimulator.Deploy.0 = Debug|Any CPU
		{027615C5-EFF6-43F5-9A33-A7BFAC42B276}.Debug|x64.ActiveCfg = Debug|Any CPU
		{027615C5-EFF6-43F5-9A33-A7BFAC42B276}.Debug|x64.Build.0 = Debug|Any CPU
		{027615C5-EFF6-43F5-9A33-A7BFAC42B276}.Debug|x64.Deploy.0 = Debug|Any CPU
		{027615C5-EFF6-43F5-9A33-A7BFAC42B276}.Debug|x86.ActiveCfg = Debug|Any CPU
		{027615C5-EFF6-43F5-9A33-A7BFAC42B276}.Debug|x86.Build.0 = Debug|Any CPU
		{027615C5-EFF6-43F5-9A33-A7BFAC42B276}.Debug|x86.Deploy.0 = Debug|Any CPU
		{027615C5-EFF6-43F5-9A33-A7BFAC42B276}.Release|Any CPU.ActiveCfg = Release|Any CPU
		{027615C5-EFF6-43F5-9A33-A7BFAC42B276}.Release|Any CPU.Build.0 = Release|Any CPU
		{027615C5-EFF6-43F5-9A33-A7BFAC42B276}.Release|Any CPU.Deploy.0 = Release|Any CPU
		{027615C5-EFF6-43F5-9A33-A7BFAC42B276}.Release|ARM.ActiveCfg = Release|Any CPU
		{027615C5-EFF6-43F5-9A33-A7BFAC42B276}.Release|ARM.Build.0 = Release|Any CPU
		{027615C5-EFF6-43F5-9A33-A7BFAC42B276}.Release|ARM.Deploy.0 = Release|Any CPU
		{027615C5-EFF6-43F5-9A33-A7BFAC42B276}.Release|iPhone.ActiveCfg = Release|Any CPU
		{027615C5-EFF6-43F5-9A33-A7BFAC42B276}.Release|iPhone.Build.0 = Release|Any CPU
		{027615C5-EFF6-43F5-9A33-A7BFAC42B276}.Release|iPhone.Deploy.0 = Release|Any CPU
		{027615C5-EFF6-43F5-9A33-A7BFAC42B276}.Release|iPhoneSimulator.ActiveCfg = Release|Any CPU
		{027615C5-EFF6-43F5-9A33-A7BFAC42B276}.Release|iPhoneSimulator.Build.0 = Release|Any CPU
		{027615C5-EFF6-43F5-9A33-A7BFAC42B276}.Release|iPhoneSimulator.Deploy.0 = Release|Any CPU
		{027615C5-EFF6-43F5-9A33-A7BFAC42B276}.Release|x64.ActiveCfg = Release|Any CPU
		{027615C5-EFF6-43F5-9A33-A7BFAC42B276}.Release|x64.Build.0 = Release|Any CPU
		{027615C5-EFF6-43F5-9A33-A7BFAC42B276}.Release|x64.Deploy.0 = Release|Any CPU
		{027615C5-EFF6-43F5-9A33-A7BFAC42B276}.Release|x86.ActiveCfg = Release|Any CPU
		{027615C5-EFF6-43F5-9A33-A7BFAC42B276}.Release|x86.Build.0 = Release|Any CPU
		{027615C5-EFF6-43F5-9A33-A7BFAC42B276}.Release|x86.Deploy.0 = Release|Any CPU
		{82E13DD8-9496-4C79-9D8E-2E73363BE36D}.Ad-Hoc|Any CPU.ActiveCfg = Ad-Hoc|iPhone
		{82E13DD8-9496-4C79-9D8E-2E73363BE36D}.Ad-Hoc|ARM.ActiveCfg = Ad-Hoc|iPhone
		{82E13DD8-9496-4C79-9D8E-2E73363BE36D}.Ad-Hoc|iPhone.ActiveCfg = Ad-Hoc|iPhone
		{82E13DD8-9496-4C79-9D8E-2E73363BE36D}.Ad-Hoc|iPhone.Build.0 = Ad-Hoc|iPhone
		{82E13DD8-9496-4C79-9D8E-2E73363BE36D}.Ad-Hoc|iPhoneSimulator.ActiveCfg = Ad-Hoc|iPhoneSimulator
		{82E13DD8-9496-4C79-9D8E-2E73363BE36D}.Ad-Hoc|iPhoneSimulator.Build.0 = Ad-Hoc|iPhoneSimulator
		{82E13DD8-9496-4C79-9D8E-2E73363BE36D}.Ad-Hoc|x64.ActiveCfg = Ad-Hoc|iPhone
		{82E13DD8-9496-4C79-9D8E-2E73363BE36D}.Ad-Hoc|x86.ActiveCfg = Ad-Hoc|iPhone
		{82E13DD8-9496-4C79-9D8E-2E73363BE36D}.AppStore|Any CPU.ActiveCfg = AppStore|iPhone
		{82E13DD8-9496-4C79-9D8E-2E73363BE36D}.AppStore|ARM.ActiveCfg = AppStore|iPhone
		{82E13DD8-9496-4C79-9D8E-2E73363BE36D}.AppStore|iPhone.ActiveCfg = AppStore|iPhone
		{82E13DD8-9496-4C79-9D8E-2E73363BE36D}.AppStore|iPhone.Build.0 = AppStore|iPhone
		{82E13DD8-9496-4C79-9D8E-2E73363BE36D}.AppStore|iPhoneSimulator.ActiveCfg = AppStore|iPhoneSimulator
		{82E13DD8-9496-4C79-9D8E-2E73363BE36D}.AppStore|iPhoneSimulator.Build.0 = AppStore|iPhoneSimulator
		{82E13DD8-9496-4C79-9D8E-2E73363BE36D}.AppStore|x64.ActiveCfg = AppStore|iPhone
		{82E13DD8-9496-4C79-9D8E-2E73363BE36D}.AppStore|x86.ActiveCfg = AppStore|iPhone
		{82E13DD8-9496-4C79-9D8E-2E73363BE36D}.Debug|Any CPU.ActiveCfg = Debug|iPhone
		{82E13DD8-9496-4C79-9D8E-2E73363BE36D}.Debug|ARM.ActiveCfg = Debug|iPhone
		{82E13DD8-9496-4C79-9D8E-2E73363BE36D}.Debug|iPhone.ActiveCfg = Debug|iPhone
		{82E13DD8-9496-4C79-9D8E-2E73363BE36D}.Debug|iPhone.Build.0 = Debug|iPhone
		{82E13DD8-9496-4C79-9D8E-2E73363BE36D}.Debug|iPhoneSimulator.ActiveCfg = Debug|iPhoneSimulator
		{82E13DD8-9496-4C79-9D8E-2E73363BE36D}.Debug|iPhoneSimulator.Build.0 = Debug|iPhoneSimulator
		{82E13DD8-9496-4C79-9D8E-2E73363BE36D}.Debug|x64.ActiveCfg = Debug|iPhone
		{82E13DD8-9496-4C79-9D8E-2E73363BE36D}.Debug|x86.ActiveCfg = Debug|iPhone
		{82E13DD8-9496-4C79-9D8E-2E73363BE36D}.Release|Any CPU.ActiveCfg = Release|iPhone
		{82E13DD8-9496-4C79-9D8E-2E73363BE36D}.Release|ARM.ActiveCfg = Release|iPhone
		{82E13DD8-9496-4C79-9D8E-2E73363BE36D}.Release|iPhone.ActiveCfg = Release|iPhone
		{82E13DD8-9496-4C79-9D8E-2E73363BE36D}.Release|iPhone.Build.0 = Release|iPhone
		{82E13DD8-9496-4C79-9D8E-2E73363BE36D}.Release|iPhoneSimulator.ActiveCfg = Release|iPhoneSimulator
		{82E13DD8-9496-4C79-9D8E-2E73363BE36D}.Release|iPhoneSimulator.Build.0 = Release|iPhoneSimulator
		{82E13DD8-9496-4C79-9D8E-2E73363BE36D}.Release|x64.ActiveCfg = Release|iPhone
		{82E13DD8-9496-4C79-9D8E-2E73363BE36D}.Release|x86.ActiveCfg = Release|iPhone
	EndGlobalSection
	GlobalSection(SolutionProperties) = preSolution
		HideSolutionNode = FALSE
	EndGlobalSection
EndGlobal
